
Microsoft Visual Studio Solution File, Format Version 12.00
# Visual Studio Version 16
VisualStudioVersion = 16.0.30503.244
MinimumVisualStudioVersion = 10.0.40219.1
Project("{FAE04EC0-301F-11D3-BF4B-00C04F79EFBC}") = "ArchitectArithmetic", "ArchitectArithmetic.csproj", "{260B5828-6445-45D7-AEF0-574438F12B0D}"
EndProject
Global
	GlobalSection(SolutionConfigurationPlatforms) = preSolution
		Debug|Any CPU = Debug|Any CPU
		Release|Any CPU = Release|Any CPU
	EndGlobalSection
	GlobalSection(ProjectConfigurationPlatforms) = postSolution
		{260B5828-6445-45D7-AEF0-574438F12B0D}.Debug|Any CPU.ActiveCfg = Debug|Any CPU
		{260B5828-6445-45D7-AEF0-574438F12B0D}.Debug|Any CPU.Build.0 = Debug|Any CPU
		{260B5828-6445-45D7-AEF0-574438F12B0D}.Release|Any CPU.ActiveCfg = Release|Any CPU
		{260B5828-6445-45D7-AEF0-574438F12B0D}.Release|Any CPU.Build.0 = Release|Any CPU
	EndGlobalSection
	GlobalSection(SolutionProperties) = preSolution
		HideSolutionNode = FALSE
	EndGlobalSection
	GlobalSection(ExtensibilityGlobals) = postSolution
		SolutionGuid = {444A7322-6BD3-44FD-A844-EB143DAE4257}
	EndGlobalSection
EndGlobal
